// !$*UTF8*$!
{
	archiveVersion = 1;
	classes = {
	};
	objectVersion = 46;
	objects = {

/* Begin PBXBuildFile section */
		0CED515219FC45080065128B /* AppDelegate.m in Sources */ = {isa = PBXBuildFile; fileRef = 0CED515119FC45080065128B /* AppDelegate.m */; };
		0CED515419FC45080065128B /* main.m in Sources */ = {isa = PBXBuildFile; fileRef = 0CED515319FC45080065128B /* main.m */; };
		0CED515719FC45080065128B /* ViewController.m in Sources */ = {isa = PBXBuildFile; fileRef = 0CED515619FC45080065128B /* ViewController.m */; };
		0CED515919FC45080065128B /* Images.xcassets in Resources */ = {isa = PBXBuildFile; fileRef = 0CED515819FC45080065128B /* Images.xcassets */; };
		0CED515C19FC45090065128B /* Main.storyboard in Resources */ = {isa = PBXBuildFile; fileRef = 0CED515A19FC45090065128B /* Main.storyboard */; };
		0CED516819FC450B0065128B /* Catumblr_playgroundTests.m in Sources */ = {isa = PBXBuildFile; fileRef = 0CED516719FC450B0065128B /* Catumblr_playgroundTests.m */; };
/* End PBXBuildFile section */

/* Begin PBXContainerItemProxy section */
		0CED516219FC450B0065128B /* PBXContainerItemProxy */ = {
			isa = PBXContainerItemProxy;
			containerPortal = 0CED514319FC45070065128B /* Project object */;
			proxyType = 1;
			remoteGlobalIDString = 0CED514A19FC45080065128B;
			remoteInfo = Catumblr_playground;
		};
/* End PBXContainerItemProxy section */

/* Begin PBXFileReference section */
		0CED514B19FC45080065128B /* Catumblr_playground.app */ = {isa = PBXFileReference; explicitFileType = wrapper.application; includeInIndex = 0; path = Catumblr_playground.app; sourceTree = BUILT_PRODUCTS_DIR; };
		0CED514F19FC45080065128B /* Info.plist */ = {isa = PBXFileReference; lastKnownFileType = text.plist.xml; path = Info.plist; sourceTree = "<group>"; };
		0CED515019FC45080065128B /* AppDelegate.h */ = {isa = PBXFileReference; lastKnownFileType = sourcecode.c.h; path = AppDelegate.h; sourceTree = "<group>"; };
		0CED515119FC45080065128B /* AppDelegate.m */ = {isa = PBXFileReference; lastKnownFileType = sourcecode.c.objc; path = AppDelegate.m; sourceTree = "<group>"; };
		0CED515319FC45080065128B /* main.m */ = {isa = PBXFileReference; lastKnownFileType = sourcecode.c.objc; path = main.m; sourceTree = "<group>"; };
		0CED515519FC45080065128B /* ViewController.h */ = {isa = PBXFileReference; lastKnownFileType = sourcecode.c.h; path = ViewController.h; sourceTree = "<group>"; };
		0CED515619FC45080065128B /* ViewController.m */ = {isa = PBXFileReference; lastKnownFileType = sourcecode.c.objc; path = ViewController.m; sourceTree = "<group>"; };
		0CED515819FC45080065128B /* Images.xcassets */ = {isa = PBXFileReference; lastKnownFileType = folder.assetcatalog; path = Images.xcassets; sourceTree = "<group>"; };
		0CED515B19FC45090065128B /* Base */ = {isa = PBXFileReference; lastKnownFileType = file.storyboard; name = Base; path = Base.lproj/Main.storyboard; sourceTree = "<group>"; };
		0CED516119FC450B0065128B /* Catumblr_playgroundTests.xctest */ = {isa = PBXFileReference; explicitFileType = wrapper.cfbundle; includeInIndex = 0; path = Catumblr_playgroundTests.xctest; sourceTree = BUILT_PRODUCTS_DIR; };
		0CED516619FC450B0065128B /* Info.plist */ = {isa = PBXFileReference; lastKnownFileType = text.plist.xml; path = Info.plist; sourceTree = "<group>"; };
		0CED516719FC450B0065128B /* Catumblr_playgroundTests.m */ = {isa = PBXFileReference; lastKnownFileType = sourcecode.c.objc; path = Catumblr_playgroundTests.m; sourceTree = "<group>"; };
/* End PBXFileReference section */

/* Begin PBXFrameworksBuildPhase section */
		0CED514819FC45080065128B /* Frameworks */ = {
			isa = PBXFrameworksBuildPhase;
			buildActionMask = 2147483647;
			files = (
			);
			runOnlyForDeploymentPostprocessing = 0;
		};
		0CED515E19FC450B0065128B /* Frameworks */ = {
			isa = PBXFrameworksBuildPhase;
			buildActionMask = 2147483647;
			files = (
			);
			runOnlyForDeploymentPostprocessing = 0;
		};
/* End PBXFrameworksBuildPhase section */

/* Begin PBXGroup section */
		0CED514219FC45070065128B = {
			isa = PBXGroup;
			children = (
				0CED514D19FC45080065128B /* Catumblr_playground */,
				0CED516419FC450B0065128B /* Catumblr_playgroundTests */,
				0CED514C19FC45080065128B /* Products */,
			);
			sourceTree = "<group>";
		};
		0CED514C19FC45080065128B /* Products */ = {
			isa = PBXGroup;
			children = (
				0CED514B19FC45080065128B /* Catumblr_playground.app */,
				0CED516119FC450B0065128B /* Catumblr_playgroundTests.xctest */,
			);
			name = Products;
			sourceTree = "<group>";
		};
		0CED514D19FC45080065128B /* Catumblr_playground */ = {
			isa = PBXGroup;
			children = (
				0CED515019FC45080065128B /* AppDelegate.h */,
				0CED515119FC45080065128B /* AppDelegate.m */,
				0CED515519FC45080065128B /* ViewController.h */,
				0CED515619FC45080065128B /* ViewController.m */,
				0CED515819FC45080065128B /* Images.xcassets */,
				0CED515A19FC45090065128B /* Main.storyboard */,
				0CED514E19FC45080065128B /* Supporting Files */,
			);
			path = Catumblr_playground;
			sourceTree = "<group>";
		};
		0CED514E19FC45080065128B /* Supporting Files */ = {
			isa = PBXGroup;
			children = (
				0CED514F19FC45080065128B /* Info.plist */,
				0CED515319FC45080065128B /* main.m */,
			);
			name = "Supporting Files";
			sourceTree = "<group>";
		};
		0CED516419FC450B0065128B /* Catumblr_playgroundTests */ = {
			isa = PBXGroup;
			children = (
				0CED516719FC450B0065128B /* Catumblr_playgroundTests.m */,
				0CED516519FC450B0065128B /* Supporting Files */,
			);
			path = Catumblr_playgroundTests;
			sourceTree = "<group>";
		};
		0CED516519FC450B0065128B /* Supporting Files */ = {
			isa = PBXGroup;
			children = (
				0CED516619FC450B0065128B /* Info.plist */,
			);
			name = "Supporting Files";
			sourceTree = "<group>";
		};
/* End PBXGroup section */

/* Begin PBXNativeTarget section */
		0CED514A19FC45080065128B /* Catumblr_playground */ = {
			isa = PBXNativeTarget;
			buildConfigurationList = 0CED516B19FC450B0065128B /* Build configuration list for PBXNativeTarget "Catumblr_playground" */;
			buildPhases = (
				0CED514719FC45080065128B /* Sources */,
				0CED514819FC45080065128B /* Frameworks */,
				0CED514919FC45080065128B /* Resources */,
			);
			buildRules = (
			);
			dependencies = (
			);
			name = Catumblr_playground;
			productName = Catumblr_playground;
			productReference = 0CED514B19FC45080065128B /* Catumblr_playground.app */;
			productType = "com.apple.product-type.application";
		};
		0CED516019FC450B0065128B /* Catumblr_playgroundTests */ = {
			isa = PBXNativeTarget;
			buildConfigurationList = 0CED516E19FC450B0065128B /* Build configuration list for PBXNativeTarget "Catumblr_playgroundTests" */;
			buildPhases = (
				0CED515D19FC450B0065128B /* Sources */,
				0CED515E19FC450B0065128B /* Frameworks */,
				0CED515F19FC450B0065128B /* Resources */,
			);
			buildRules = (
			);
			dependencies = (
				0CED516319FC450B0065128B /* PBXTargetDependency */,
			);
			name = Catumblr_playgroundTests;
			productName = Catumblr_playgroundTests;
			productReference = 0CED516119FC450B0065128B /* Catumblr_playgroundTests.xctest */;
			productType = "com.apple.product-type.bundle.unit-test";
		};
/* End PBXNativeTarget section */

/* Begin PBXProject section */
		0CED514319FC45070065128B /* Project object */ = {
			isa = PBXProject;
			attributes = {
				LastUpgradeCheck = 0610;
				ORGANIZATIONNAME = glebone;
				TargetAttributes = {
					0CED514A19FC45080065128B = {
						CreatedOnToolsVersion = 6.1;
					};
					0CED516019FC450B0065128B = {
						CreatedOnToolsVersion = 6.1;
						TestTargetID = 0CED514A19FC45080065128B;
					};
				};
			};
			buildConfigurationList = 0CED514619FC45070065128B /* Build configuration list for PBXProject "Catumblr_playground" */;
			compatibilityVersion = "Xcode 3.2";
			developmentRegion = English;
			hasScannedForEncodings = 0;
			knownRegions = (
				en,
				Base,
			);
			mainGroup = 0CED514219FC45070065128B;
			productRefGroup = 0CED514C19FC45080065128B /* Products */;
			projectDirPath = "";
			projectRoot = "";
			targets = (
				0CED514A19FC45080065128B /* Catumblr_playground */,
				0CED516019FC450B0065128B /* Catumblr_playgroundTests */,
			);
		};
/* End PBXProject section */

/* Begin PBXResourcesBuildPhase section */
		0CED514919FC45080065128B /* Resources */ = {
			isa = PBXResourcesBuildPhase;
			buildActionMask = 2147483647;
			files = (
				0CED515919FC45080065128B /* Images.xcassets in Resources */,
				0CED515C19FC45090065128B /* Main.storyboard in Resources */,
			);
			runOnlyForDeploymentPostprocessing = 0;
		};
		0CED515F19FC450B0065128B /* Resources */ = {
			isa = PBXResourcesBuildPhase;
			buildActionMask = 2147483647;
			files = (
			);
			runOnlyForDeploymentPostprocessing = 0;
		};
/* End PBXResourcesBuildPhase section */

/* Begin PBXSourcesBuildPhase section */
		0CED514719FC45080065128B /* Sources */ = {
			isa = PBXSourcesBuildPhase;
			buildActionMask = 2147483647;
			files = (
				0CED515719FC45080065128B /* ViewController.m in Sources */,
				0CED515419FC45080065128B /* main.m in Sources */,
				0CED515219FC45080065128B /* AppDelegate.m in Sources */,
			);
			runOnlyForDeploymentPostprocessing = 0;
		};
		0CED515D19FC450B0065128B /* Sources */ = {
			isa = PBXSourcesBuildPhase;
			buildActionMask = 2147483647;
			files = (
				0CED516819FC450B0065128B /* Catumblr_playgroundTests.m in Sources */,
			);
			runOnlyForDeploymentPostprocessing = 0;
		};
/* End PBXSourcesBuildPhase section */

/* Begin PBXTargetDependency section */
		0CED516319FC450B0065128B /* PBXTargetDependency */ = {
			isa = PBXTargetDependency;
			target = 0CED514A19FC45080065128B /* Catumblr_playground */;
			targetProxy = 0CED516219FC450B0065128B /* PBXContainerItemProxy */;
		};
/* End PBXTargetDependency section */

/* Begin PBXVariantGroup section */
		0CED515A19FC45090065128B /* Main.storyboard */ = {
			isa = PBXVariantGroup;
			children = (
				0CED515B19FC45090065128B /* Base */,
			);
			name = Main.storyboard;
			sourceTree = "<group>";
		};
/* End PBXVariantGroup section */

/* Begin XCBuildConfiguration section */
		0CED516919FC450B0065128B /* Debug */ = {
			isa = XCBuildConfiguration;
			buildSettings = {
				ALWAYS_SEARCH_USER_PATHS = NO;
				CLANG_CXX_LANGUAGE_STANDARD = "gnu++0x";
				CLANG_CXX_LIBRARY = "libc++";
				CLANG_ENABLE_MODULES = YES;
				CLANG_ENABLE_OBJC_ARC = YES;
				CLANG_WARN_BOOL_CONVERSION = YES;
				CLANG_WARN_CONSTANT_CONVERSION = YES;
				CLANG_WARN_DIRECT_OBJC_ISA_USAGE = YES_ERROR;
				CLANG_WARN_EMPTY_BODY = YES;
				CLANG_WARN_ENUM_CONVERSION = YES;
				CLANG_WARN_INT_CONVERSION = YES;
				CLANG_WARN_OBJC_ROOT_CLASS = YES_ERROR;
				CLANG_WARN_UNREACHABLE_CODE = YES;
				CLANG_WARN__DUPLICATE_METHOD_MATCH = YES;
				CODE_SIGN_IDENTITY = "-";
				COPY_PHASE_STRIP = NO;
				ENABLE_STRICT_OBJC_MSGSEND = YES;
				GCC_C_LANGUAGE_STANDARD = gnu99;
				GCC_DYNAMIC_NO_PIC = NO;
				GCC_OPTIMIZATION_LEVEL = 0;
				GCC_PREPROCESSOR_DEFINITIONS = (
					"DEBUG=1",
					"$(inherited)",
				);
				GCC_SYMBOLS_PRIVATE_EXTERN = NO;
				GCC_WARN_64_TO_32_BIT_CONVERSION = YES;
				GCC_WARN_ABOUT_RETURN_TYPE = YES_ERROR;
				GCC_WARN_UNDECLARED_SELECTOR = YES;
				GCC_WARN_UNINITIALIZED_AUTOS = YES_AGGRESSIVE;
				GCC_WARN_UNUSED_FUNCTION = YES;
				GCC_WARN_UNUSED_VARIABLE = YES;
				MACOSX_DEPLOYMENT_TARGET = 10.10;
				MTL_ENABLE_DEBUG_INFO = YES;
				ONLY_ACTIVE_ARCH = YES;
				SDKROOT = macosx;
			};
			name = Debug;
		};
		0CED516A19FC450B0065128B /* Release */ = {
			isa = XCBuildConfiguration;
			buildSettings = {
				ALWAYS_SEARCH_USER_PATHS = NO;
				CLANG_CXX_LANGUAGE_STANDARD = "gnu++0x";
				CLANG_CXX_LIBRARY = "libc++";
				CLANG_ENABLE_MODULES = YES;
				CLANG_ENABLE_OBJC_ARC = YES;
				CLANG_WARN_BOOL_CONVERSION = YES;
				CLANG_WARN_CONSTANT_CONVERSION = YES;
				CLANG_WARN_DIRECT_OBJC_ISA_USAGE = YES_ERROR;
				CLANG_WARN_EMPTY_BODY = YES;
				CLANG_WARN_ENUM_CONVERSION = YES;
				CLANG_WARN_INT_CONVERSION = YES;
				CLANG_WARN_OBJC_ROOT_CLASS = YES_ERROR;
				CLANG_WARN_UNREACHABLE_CODE = YES;
				CLANG_WARN__DUPLICATE_METHOD_MATCH = YES;
				CODE_SIGN_IDENTITY = "-";
				COPY_PHASE_STRIP = YES;
				DEBUG_INFORMATION_FORMAT = "dwarf-with-dsym";
				ENABLE_NS_ASSERTIONS = NO;
				ENABLE_STRICT_OBJC_MSGSEND = YES;
				GCC_C_LANGUAGE_STANDARD = gnu99;
				GCC_WARN_64_TO_32_BIT_CONVERSION = YES;
				GCC_WARN_ABOUT_RETURN_TYPE = YES_ERROR;
				GCC_WARN_UNDECLARED_SELECTOR = YES;
				GCC_WARN_UNINITIALIZED_AUTOS = YES_AGGRESSIVE;
				GCC_WARN_UNUSED_FUNCTION = YES;
				GCC_WARN_UNUSED_VARIABLE = YES;
				MACOSX_DEPLOYMENT_TARGET = 10.10;
				MTL_ENABLE_DEBUG_INFO = NO;
				SDKROOT = macosx;
			};
			name = Release;
		};
		0CED516C19FC450B0065128B /* Debug */ = {
			isa = XCBuildConfiguration;
			buildSettings = {
				ASSETCATALOG_COMPILER_APPICON_NAME = AppIcon;
				COMBINE_HIDPI_IMAGES = YES;
				INFOPLIST_FILE = Catumblr_playground/Info.plist;
				LD_RUNPATH_SEARCH_PATHS = "$(inherited) @executable_path/../Frameworks";
				PRODUCT_NAME = "$(TARGET_NAME)";
			};
			name = Debug;
		};
		0CED516D19FC450B0065128B /* Release */ = {
			isa = XCBuildConfiguration;
			buildSettings = {
				ASSETCATALOG_COMPILER_APPICON_NAME = AppIcon;
				COMBINE_HIDPI_IMAGES = YES;
				INFOPLIST_FILE = Catumblr_playground/Info.plist;
				LD_RUNPATH_SEARCH_PATHS = "$(inherited) @executable_path/../Frameworks";
				PRODUCT_NAME = "$(TARGET_NAME)";
			};
			name = Release;
		};
		0CED516F19FC450B0065128B /* Debug */ = {
			isa = XCBuildConfiguration;
			buildSettings = {
				BUNDLE_LOADER = "$(TEST_HOST)";
				COMBINE_HIDPI_IMAGES = YES;
				FRAMEWORK_SEARCH_PATHS = (
					"$(DEVELOPER_FRAMEWORKS_DIR)",
					"$(inherited)",
				);
				GCC_PREPROCESSOR_DEFINITIONS = (
					"DEBUG=1",
					"$(inherited)",
				);
				INFOPLIST_FILE = Catumblr_playgroundTests/Info.plist;
				LD_RUNPATH_SEARCH_PATHS = "$(inherited) @executable_path/../Frameworks @loader_path/../Frameworks";
				PRODUCT_NAME = "$(TARGET_NAME)";
				TEST_HOST = "$(BUILT_PRODUCTS_DIR)/Catumblr_playground.app/Contents/MacOS/Catumblr_playground";
			};
			name = Debug;
		};
		0CED517019FC450B0065128B /* Release */ = {
			isa = XCBuildConfiguration;
			buildSettings = {
				BUNDLE_LOADER = "$(TEST_HOST)";
				COMBINE_HIDPI_IMAGES = YES;
				FRAMEWORK_SEARCH_PATHS = (
					"$(DEVELOPER_FRAMEWORKS_DIR)",
					"$(inherited)",
				);
				INFOPLIST_FILE = Catumblr_playgroundTests/Info.plist;
				LD_RUNPATH_SEARCH_PATHS = "$(inherited) @executable_path/../Frameworks @loader_path/../Frameworks";
				PRODUCT_NAME = "$(TARGET_NAME)";
				TEST_HOST = "$(BUILT_PRODUCTS_DIR)/Catumblr_playground.app/Contents/MacOS/Catumblr_playground";
			};
			name = Release;
		};
/* End XCBuildConfiguration section */

/* Begin XCConfigurationList section */
		0CED514619FC45070065128B /* Build configuration list for PBXProject "Catumblr_playground" */ = {
			isa = XCConfigurationList;
			buildConfigurations = (
				0CED516919FC450B0065128B /* Debug */,
				0CED516A19FC450B0065128B /* Release */,
			);
			defaultConfigurationIsVisible = 0;
			defaultConfigurationName = Release;
		};
		0CED516B19FC450B0065128B /* Build configuration list for PBXNativeTarget "Catumblr_playground" */ = {
			isa = XCConfigurationList;
			buildConfigurations = (
				0CED516C19FC450B0065128B /* Debug */,
				0CED516D19FC450B0065128B /* Release */,
			);
			defaultConfigurationIsVisible = 0;
		};
		0CED516E19FC450B0065128B /* Build configuration list for PBXNativeTarget "Catumblr_playgroundTests" */ = {
			isa = XCConfigurationList;
			buildConfigurations = (
				0CED516F19FC450B0065128B /* Debug */,
				0CED517019FC450B0065128B /* Release */,
			);
			defaultConfigurationIsVisible = 0;
		};
/* End XCConfigurationList section */
	};
	rootObject = 0CED514319FC45070065128B /* Project object */;
}
